
Microsoft Visual Studio Solution File, Format Version 12.00
# Visual Studio Version 17
VisualStudioVersion = 17.0.31919.166
MinimumVisualStudioVersion = 10.0.40219.1
Project("{FAE04EC0-301F-11D3-BF4B-00C04F79EFBC}") = "FitnessClub", "FitnessClub\FitnessClub.csproj", "{6B892159-3BD6-4D82-8A1B-7F62B3B547A8}"
EndProject
Global
	GlobalSection(SolutionConfigurationPlatforms) = preSolution
		Debug|Any CPU = Debug|Any CPU
		Release|Any CPU = Release|Any CPU
	EndGlobalSection
	GlobalSection(ProjectConfigurationPlatforms) = postSolution
		{6B892159-3BD6-4D82-8A1B-7F62B3B547A8}.Debug|Any CPU.ActiveCfg = Debug|Any CPU
		{6B892159-3BD6-4D82-8A1B-7F62B3B547A8}.Debug|Any CPU.Build.0 = Debug|Any CPU
		{6B892159-3BD6-4D82-8A1B-7F62B3B547A8}.Release|Any CPU.ActiveCfg = Release|Any CPU
		{6B892159-3BD6-4D82-8A1B-7F62B3B547A8}.Release|Any CPU.Build.0 = Release|Any CPU
	EndGlobalSection
	GlobalSection(SolutionProperties) = preSolution
		HideSolutionNode = FALSE
	EndGlobalSection
	GlobalSection(ExtensibilityGlobals) = postSolution
		SolutionGuid = {C2629C50-AA96-4F07-BBF9-AD2D576AE035}
	EndGlobalSection
EndGlobal
